{
  "name": "boringproxy.io",
  "version": "0.1.0",
  "lockfileVersion": 1,
  "requires": true,
  "dependencies": {
    "highlight.js": {
      "version": "10.3.2",
      "resolved": "https://registry.npmjs.org/highlight.js/-/highlight.js-10.3.2.tgz",
      "integrity": "sha512-3jRT7OUYsVsKvukNKZCtnvRcFyCJqSEIuIMsEybAXRiFSwpt65qjPd/Pr+UOdYt7WJlt+lj3+ypUsHiySBp/Jw==",
      "dev": true
    },
    "highlightjs": {
      "version": "9.16.2",
      "resolved": "https://registry.npmjs.org/highlightjs/-/highlightjs-9.16.2.tgz",
      "integrity": "sha512-FK1vmMj8BbEipEy8DLIvp71t5UsC7n2D6En/UfM/91PCwmOpj6f2iu0Y0coRC62KSRHHC+dquM2xMULV/X7NFg==",
      "dev": true
    },
    "marked": {
      "version": "1.2.2",
      "resolved": "https://registry.npmjs.org/marked/-/marked-1.2.2.tgz",
      "integrity": "sha512-5jjKHVl/FPo0Z6ocP3zYhKiJLzkwJAw4CZoLjv57FkvbUuwOX4LIBBGGcXjAY6ATcd1q9B8UTj5T9Umauj0QYQ==",
      "dev": true
    }
  }
}
