{
  "name": "boringproxy.io",
  "version": "0.2.0",
  "lockfileVersion": 2,
  "requires": true,
  "packages": {
    "": {
      "name": "boringproxy.io",
      "version": "0.2.0",
      "license": "ISC",
      "devDependencies": {
        "highlight.js": "^10.3.2",
        "highlightjs": "^9.16.2",
        "marked": "^4.0.12"
      }
    },
    "node_modules/highlight.js": {
      "version": "10.7.3",
      "resolved": "https://registry.npmjs.org/highlight.js/-/highlight.js-10.7.3.tgz",
      "integrity": "sha512-tzcUFauisWKNHaRkN4Wjl/ZA07gENAjFl3J/c480dprkGTg5EQstgaNFqBfUqCq54kZRIEcreTsAgF/m2quD7A==",
      "dev": true,
      "engines": {
        "node": "*"
      }
    },
    "node_modules/highlightjs": {
      "version": "9.16.2",
      "resolved": "https://registry.npmjs.org/highlightjs/-/highlightjs-9.16.2.tgz",
      "integrity": "sha512-FK1vmMj8BbEipEy8DLIvp71t5UsC7n2D6En/UfM/91PCwmOpj6f2iu0Y0coRC62KSRHHC+dquM2xMULV/X7NFg==",
      "dev": true
    },
    "node_modules/marked": {
      "version": "4.0.12",
      "resolved": "https://registry.npmjs.org/marked/-/marked-4.0.12.tgz",
      "integrity": "sha512-hgibXWrEDNBWgGiK18j/4lkS6ihTe9sxtV4Q1OQppb/0zzyPSzoFANBa5MfsG/zgsWklmNnhm0XACZOH/0HBiQ==",
      "dev": true,
      "bin": {
        "marked": "bin/marked.js"
      },
      "engines": {
        "node": ">= 12"
      }
    }
  },
  "dependencies": {
    "highlight.js": {
      "version": "10.7.3",
      "resolved": "https://registry.npmjs.org/highlight.js/-/highlight.js-10.7.3.tgz",
      "integrity": "sha512-tzcUFauisWKNHaRkN4Wjl/ZA07gENAjFl3J/c480dprkGTg5EQstgaNFqBfUqCq54kZRIEcreTsAgF/m2quD7A==",
      "dev": true
    },
    "highlightjs": {
      "version": "9.16.2",
      "resolved": "https://registry.npmjs.org/highlightjs/-/highlightjs-9.16.2.tgz",
      "integrity": "sha512-FK1vmMj8BbEipEy8DLIvp71t5UsC7n2D6En/UfM/91PCwmOpj6f2iu0Y0coRC62KSRHHC+dquM2xMULV/X7NFg==",
      "dev": true
    },
    "marked": {
      "version": "4.0.12",
      "resolved": "https://registry.npmjs.org/marked/-/marked-4.0.12.tgz",
      "integrity": "sha512-hgibXWrEDNBWgGiK18j/4lkS6ihTe9sxtV4Q1OQppb/0zzyPSzoFANBa5MfsG/zgsWklmNnhm0XACZOH/0HBiQ==",
      "dev": true
    }
  }
}
